// !$*UTF8*$!
{
	archiveVersion = 1;
	classes = {
	};
	objectVersion = 56;
	objects = {

/* Begin PBXBuildFile section */
		88245FE928FEB96500C62166 /* AppDelegate.swift in Sources */ = {isa = PBXBuildFile; fileRef = 88245FE828FEB96500C62166 /* AppDelegate.swift */; };
		88245FEB28FEB96500C62166 /* SceneDelegate.swift in Sources */ = {isa = PBXBuildFile; fileRef = 88245FEA28FEB96500C62166 /* SceneDelegate.swift */; };
		88245FED28FEB96500C62166 /* ViewController.swift in Sources */ = {isa = PBXBuildFile; fileRef = 88245FEC28FEB96500C62166 /* ViewController.swift */; };
		88245FF028FEB96500C62166 /* Main.storyboard in Resources */ = {isa = PBXBuildFile; fileRef = 88245FEE28FEB96500C62166 /* Main.storyboard */; };
		88245FF228FEB96600C62166 /* Assets.xcassets in Resources */ = {isa = PBXBuildFile; fileRef = 88245FF128FEB96600C62166 /* Assets.xcassets */; };
		88245FF528FEB96600C62166 /* LaunchScreen.storyboard in Resources */ = {isa = PBXBuildFile; fileRef = 88245FF328FEB96600C62166 /* LaunchScreen.storyboard */; };
		8824600028FEBEED00C62166 /* Chair.swift in Sources */ = {isa = PBXBuildFile; fileRef = 88245FFF28FEBEED00C62166 /* Chair.swift */; };
		8824600328FEBF5000C62166 /* Sofa.swift in Sources */ = {isa = PBXBuildFile; fileRef = 8824600228FEBF5000C62166 /* Sofa.swift */; };
		8824600528FEBF6900C62166 /* Table.swift in Sources */ = {isa = PBXBuildFile; fileRef = 8824600428FEBF6900C62166 /* Table.swift */; };
		8824600728FEBFAD00C62166 /* ChairBedroom.swift in Sources */ = {isa = PBXBuildFile; fileRef = 8824600628FEBFAD00C62166 /* ChairBedroom.swift */; };
		8824600928FEC00600C62166 /* TableBedroom.swift in Sources */ = {isa = PBXBuildFile; fileRef = 8824600828FEC00600C62166 /* TableBedroom.swift */; };
		8824600B28FEC06300C62166 /* SofaBedroom.swift in Sources */ = {isa = PBXBuildFile; fileRef = 8824600A28FEC06300C62166 /* SofaBedroom.swift */; };
		8824600D28FEC09600C62166 /* ChairKitchen.swift in Sources */ = {isa = PBXBuildFile; fileRef = 8824600C28FEC09600C62166 /* ChairKitchen.swift */; };
		8824600F28FEC0BA00C62166 /* SofaKitchen.swift in Sources */ = {isa = PBXBuildFile; fileRef = 8824600E28FEC0BA00C62166 /* SofaKitchen.swift */; };
		8824601128FEC0DE00C62166 /* TableKitchen.swift in Sources */ = {isa = PBXBuildFile; fileRef = 8824601028FEC0DE00C62166 /* TableKitchen.swift */; };
		8824601328FEC14A00C62166 /* AbstractFactory.swift in Sources */ = {isa = PBXBuildFile; fileRef = 8824601228FEC14A00C62166 /* AbstractFactory.swift */; };
		8824601528FEC1CC00C62166 /* BedroomFactory.swift in Sources */ = {isa = PBXBuildFile; fileRef = 8824601428FEC1CC00C62166 /* BedroomFactory.swift */; };
		8824601728FEC24300C62166 /* KitchenFactory.swift in Sources */ = {isa = PBXBuildFile; fileRef = 8824601628FEC24300C62166 /* KitchenFactory.swift */; };
/* End PBXBuildFile section */

/* Begin PBXFileReference section */
		88245FE528FEB96500C62166 /* AbstractFactory.app */ = {isa = PBXFileReference; explicitFileType = wrapper.application; includeInIndex = 0; path = AbstractFactory.app; sourceTree = BUILT_PRODUCTS_DIR; };
		88245FE828FEB96500C62166 /* AppDelegate.swift */ = {isa = PBXFileReference; lastKnownFileType = sourcecode.swift; path = AppDelegate.swift; sourceTree = "<group>"; };
		88245FEA28FEB96500C62166 /* SceneDelegate.swift */ = {isa = PBXFileReference; lastKnownFileType = sourcecode.swift; path = SceneDelegate.swift; sourceTree = "<group>"; };
		88245FEC28FEB96500C62166 /* ViewController.swift */ = {isa = PBXFileReference; lastKnownFileType = sourcecode.swift; path = ViewController.swift; sourceTree = "<group>"; };
		88245FEF28FEB96500C62166 /* Base */ = {isa = PBXFileReference; lastKnownFileType = file.storyboard; name = Base; path = Base.lproj/Main.storyboard; sourceTree = "<group>"; };
		88245FF128FEB96600C62166 /* Assets.xcassets */ = {isa = PBXFileReference; lastKnownFileType = folder.assetcatalog; path = Assets.xcassets; sourceTree = "<group>"; };
		88245FF428FEB96600C62166 /* Base */ = {isa = PBXFileReference; lastKnownFileType = file.storyboard; name = Base; path = Base.lproj/LaunchScreen.storyboard; sourceTree = "<group>"; };
		88245FF628FEB96600C62166 /* Info.plist */ = {isa = PBXFileReference; lastKnownFileType = text.plist.xml; path = Info.plist; sourceTree = "<group>"; };
		88245FFF28FEBEED00C62166 /* Chair.swift */ = {isa = PBXFileReference; lastKnownFileType = sourcecode.swift; path = Chair.swift; sourceTree = "<group>"; };
		8824600228FEBF5000C62166 /* Sofa.swift */ = {isa = PBXFileReference; lastKnownFileType = sourcecode.swift; path = Sofa.swift; sourceTree = "<group>"; };
		8824600428FEBF6900C62166 /* Table.swift */ = {isa = PBXFileReference; lastKnownFileType = sourcecode.swift; path = Table.swift; sourceTree = "<group>"; };
		8824600628FEBFAD00C62166 /* ChairBedroom.swift */ = {isa = PBXFileReference; lastKnownFileType = sourcecode.swift; path = ChairBedroom.swift; sourceTree = "<group>"; };
		8824600828FEC00600C62166 /* TableBedroom.swift */ = {isa = PBXFileReference; lastKnownFileType = sourcecode.swift; path = TableBedroom.swift; sourceTree = "<group>"; };
		8824600A28FEC06300C62166 /* SofaBedroom.swift */ = {isa = PBXFileReference; lastKnownFileType = sourcecode.swift; path = SofaBedroom.swift; sourceTree = "<group>"; };
		8824600C28FEC09600C62166 /* ChairKitchen.swift */ = {isa = PBXFileReference; lastKnownFileType = sourcecode.swift; path = ChairKitchen.swift; sourceTree = "<group>"; };
		8824600E28FEC0BA00C62166 /* SofaKitchen.swift */ = {isa = PBXFileReference; lastKnownFileType = sourcecode.swift; path = SofaKitchen.swift; sourceTree = "<group>"; };
		8824601028FEC0DE00C62166 /* TableKitchen.swift */ = {isa = PBXFileReference; lastKnownFileType = sourcecode.swift; path = TableKitchen.swift; sourceTree = "<group>"; };
		8824601228FEC14A00C62166 /* AbstractFactory.swift */ = {isa = PBXFileReference; lastKnownFileType = sourcecode.swift; path = AbstractFactory.swift; sourceTree = "<group>"; };
		8824601428FEC1CC00C62166 /* BedroomFactory.swift */ = {isa = PBXFileReference; lastKnownFileType = sourcecode.swift; path = BedroomFactory.swift; sourceTree = "<group>"; };
		8824601628FEC24300C62166 /* KitchenFactory.swift */ = {isa = PBXFileReference; lastKnownFileType = sourcecode.swift; path = KitchenFactory.swift; sourceTree = "<group>"; };
/* End PBXFileReference section */

/* Begin PBXFrameworksBuildPhase section */
		88245FE228FEB96500C62166 /* Frameworks */ = {
			isa = PBXFrameworksBuildPhase;
			buildActionMask = 2147483647;
			files = (
			);
			runOnlyForDeploymentPostprocessing = 0;
		};
/* End PBXFrameworksBuildPhase section */

/* Begin PBXGroup section */
		88245FDC28FEB96500C62166 = {
			isa = PBXGroup;
			children = (
				88245FE728FEB96500C62166 /* AbstractFactory */,
				88245FE628FEB96500C62166 /* Products */,
			);
			sourceTree = "<group>";
		};
		88245FE628FEB96500C62166 /* Products */ = {
			isa = PBXGroup;
			children = (
				88245FE528FEB96500C62166 /* AbstractFactory.app */,
			);
			name = Products;
			sourceTree = "<group>";
		};
		88245FE728FEB96500C62166 /* AbstractFactory */ = {
			isa = PBXGroup;
			children = (
				88245FE828FEB96500C62166 /* AppDelegate.swift */,
				88245FEA28FEB96500C62166 /* SceneDelegate.swift */,
				8824600128FEBEF500C62166 /* Protocols */,
				88245FFE28FEBECA00C62166 /* AbstractFactory */,
				88245FFD28FEBEAB00C62166 /* KitchenFurniture */,
				88245FFC28FEBE9D00C62166 /* BedroomFurniture */,
				88245FEC28FEB96500C62166 /* ViewController.swift */,
				88245FEE28FEB96500C62166 /* Main.storyboard */,
				88245FF128FEB96600C62166 /* Assets.xcassets */,
				88245FF328FEB96600C62166 /* LaunchScreen.storyboard */,
				88245FF628FEB96600C62166 /* Info.plist */,
			);
			path = AbstractFactory;
			sourceTree = "<group>";
		};
		88245FFC28FEBE9D00C62166 /* BedroomFurniture */ = {
			isa = PBXGroup;
			children = (
				8824600628FEBFAD00C62166 /* ChairBedroom.swift */,
				8824600A28FEC06300C62166 /* SofaBedroom.swift */,
				8824600828FEC00600C62166 /* TableBedroom.swift */,
			);
			path = BedroomFurniture;
			sourceTree = "<group>";
		};
		88245FFD28FEBEAB00C62166 /* KitchenFurniture */ = {
			isa = PBXGroup;
			children = (
				8824600C28FEC09600C62166 /* ChairKitchen.swift */,
				8824600E28FEC0BA00C62166 /* SofaKitchen.swift */,
				8824601028FEC0DE00C62166 /* TableKitchen.swift */,
			);
			path = KitchenFurniture;
			sourceTree = "<group>";
		};
		88245FFE28FEBECA00C62166 /* AbstractFactory */ = {
			isa = PBXGroup;
			children = (
				8824601228FEC14A00C62166 /* AbstractFactory.swift */,
				8824601428FEC1CC00C62166 /* BedroomFactory.swift */,
				8824601628FEC24300C62166 /* KitchenFactory.swift */,
			);
			path = AbstractFactory;
			sourceTree = "<group>";
		};
		8824600128FEBEF500C62166 /* Protocols */ = {
			isa = PBXGroup;
			children = (
				88245FFF28FEBEED00C62166 /* Chair.swift */,
				8824600228FEBF5000C62166 /* Sofa.swift */,
				8824600428FEBF6900C62166 /* Table.swift */,
			);
			path = Protocols;
			sourceTree = "<group>";
		};
/* End PBXGroup section */

/* Begin PBXNativeTarget section */
		88245FE428FEB96500C62166 /* AbstractFactory */ = {
			isa = PBXNativeTarget;
			buildConfigurationList = 88245FF928FEB96600C62166 /* Build configuration list for PBXNativeTarget "AbstractFactory" */;
			buildPhases = (
				88245FE128FEB96500C62166 /* Sources */,
				88245FE228FEB96500C62166 /* Frameworks */,
				88245FE328FEB96500C62166 /* Resources */,
			);
			buildRules = (
			);
			dependencies = (
			);
			name = AbstractFactory;
			productName = AbstractFactory;
			productReference = 88245FE528FEB96500C62166 /* AbstractFactory.app */;
			productType = "com.apple.product-type.application";
		};
/* End PBXNativeTarget section */

/* Begin PBXProject section */
		88245FDD28FEB96500C62166 /* Project object */ = {
			isa = PBXProject;
			attributes = {
				BuildIndependentTargetsInParallel = 1;
				LastSwiftUpdateCheck = 1400;
				LastUpgradeCheck = 1400;
				TargetAttributes = {
					88245FE428FEB96500C62166 = {
						CreatedOnToolsVersion = 14.0.1;
					};
				};
			};
			buildConfigurationList = 88245FE028FEB96500C62166 /* Build configuration list for PBXProject "AbstractFactory" */;
			compatibilityVersion = "Xcode 14.0";
			developmentRegion = en;
			hasScannedForEncodings = 0;
			knownRegions = (
				en,
				Base,
			);
			mainGroup = 88245FDC28FEB96500C62166;
			productRefGroup = 88245FE628FEB96500C62166 /* Products */;
			projectDirPath = "";
			projectRoot = "";
			targets = (
				88245FE428FEB96500C62166 /* AbstractFactory */,
			);
		};
/* End PBXProject section */

/* Begin PBXResourcesBuildPhase section */
		88245FE328FEB96500C62166 /* Resources */ = {
			isa = PBXResourcesBuildPhase;
			buildActionMask = 2147483647;
			files = (
				88245FF528FEB96600C62166 /* LaunchScreen.storyboard in Resources */,
				88245FF228FEB96600C62166 /* Assets.xcassets in Resources */,
				88245FF028FEB96500C62166 /* Main.storyboard in Resources */,
			);
			runOnlyForDeploymentPostprocessing = 0;
		};
/* End PBXResourcesBuildPhase section */

/* Begin PBXSourcesBuildPhase section */
		88245FE128FEB96500C62166 /* Sources */ = {
			isa = PBXSourcesBuildPhase;
			buildActionMask = 2147483647;
			files = (
				8824601328FEC14A00C62166 /* AbstractFactory.swift in Sources */,
				8824600528FEBF6900C62166 /* Table.swift in Sources */,
				8824600728FEBFAD00C62166 /* ChairBedroom.swift in Sources */,
				8824601528FEC1CC00C62166 /* BedroomFactory.swift in Sources */,
				8824600B28FEC06300C62166 /* SofaBedroom.swift in Sources */,
				88245FED28FEB96500C62166 /* ViewController.swift in Sources */,
				8824600028FEBEED00C62166 /* Chair.swift in Sources */,
				88245FE928FEB96500C62166 /* AppDelegate.swift in Sources */,
				8824600928FEC00600C62166 /* TableBedroom.swift in Sources */,
				8824601128FEC0DE00C62166 /* TableKitchen.swift in Sources */,
				88245FEB28FEB96500C62166 /* SceneDelegate.swift in Sources */,
				8824600D28FEC09600C62166 /* ChairKitchen.swift in Sources */,
				8824601728FEC24300C62166 /* KitchenFactory.swift in Sources */,
				8824600328FEBF5000C62166 /* Sofa.swift in Sources */,
				8824600F28FEC0BA00C62166 /* SofaKitchen.swift in Sources */,
			);
			runOnlyForDeploymentPostprocessing = 0;
		};
/* End PBXSourcesBuildPhase section */

/* Begin PBXVariantGroup section */
		88245FEE28FEB96500C62166 /* Main.storyboard */ = {
			isa = PBXVariantGroup;
			children = (
				88245FEF28FEB96500C62166 /* Base */,
			);
			name = Main.storyboard;
			sourceTree = "<group>";
		};
		88245FF328FEB96600C62166 /* LaunchScreen.storyboard */ = {
			isa = PBXVariantGroup;
			children = (
				88245FF428FEB96600C62166 /* Base */,
			);
			name = LaunchScreen.storyboard;
			sourceTree = "<group>";
		};
/* End PBXVariantGroup section */

/* Begin XCBuildConfiguration section */
		88245FF728FEB96600C62166 /* Debug */ = {
			isa = XCBuildConfiguration;
			buildSettings = {
				ALWAYS_SEARCH_USER_PATHS = NO;
				CLANG_ANALYZER_NONNULL = YES;
				CLANG_ANALYZER_NUMBER_OBJECT_CONVERSION = YES_AGGRESSIVE;
				CLANG_CXX_LANGUAGE_STANDARD = "gnu++20";
				CLANG_ENABLE_MODULES = YES;
				CLANG_ENABLE_OBJC_ARC = YES;
				CLANG_ENABLE_OBJC_WEAK = YES;
				CLANG_WARN_BLOCK_CAPTURE_AUTORELEASING = YES;
				CLANG_WARN_BOOL_CONVERSION = YES;
				CLANG_WARN_COMMA = YES;
				CLANG_WARN_CONSTANT_CONVERSION = YES;
				CLANG_WARN_DEPRECATED_OBJC_IMPLEMENTATIONS = YES;
				CLANG_WARN_DIRECT_OBJC_ISA_USAGE = YES_ERROR;
				CLANG_WARN_DOCUMENTATION_COMMENTS = YES;
				CLANG_WARN_EMPTY_BODY = YES;
				CLANG_WARN_ENUM_CONVERSION = YES;
				CLANG_WARN_INFINITE_RECURSION = YES;
				CLANG_WARN_INT_CONVERSION = YES;
				CLANG_WARN_NON_LITERAL_NULL_CONVERSION = YES;
				CLANG_WARN_OBJC_IMPLICIT_RETAIN_SELF = YES;
				CLANG_WARN_OBJC_LITERAL_CONVERSION = YES;
				CLANG_WARN_OBJC_ROOT_CLASS = YES_ERROR;
				CLANG_WARN_QUOTED_INCLUDE_IN_FRAMEWORK_HEADER = YES;
				CLANG_WARN_RANGE_LOOP_ANALYSIS = YES;
				CLANG_WARN_STRICT_PROTOTYPES = YES;
				CLANG_WARN_SUSPICIOUS_MOVE = YES;
				CLANG_WARN_UNGUARDED_AVAILABILITY = YES_AGGRESSIVE;
				CLANG_WARN_UNREACHABLE_CODE = YES;
				CLANG_WARN__DUPLICATE_METHOD_MATCH = YES;
				COPY_PHASE_STRIP = NO;
				DEBUG_INFORMATION_FORMAT = dwarf;
				ENABLE_STRICT_OBJC_MSGSEND = YES;
				ENABLE_TESTABILITY = YES;
				GCC_C_LANGUAGE_STANDARD = gnu11;
				GCC_DYNAMIC_NO_PIC = NO;
				GCC_NO_COMMON_BLOCKS = YES;
				GCC_OPTIMIZATION_LEVEL = 0;
				GCC_PREPROCESSOR_DEFINITIONS = (
					"DEBUG=1",
					"$(inherited)",
				);
				GCC_WARN_64_TO_32_BIT_CONVERSION = YES;
				GCC_WARN_ABOUT_RETURN_TYPE = YES_ERROR;
				GCC_WARN_UNDECLARED_SELECTOR = YES;
				GCC_WARN_UNINITIALIZED_AUTOS = YES_AGGRESSIVE;
				GCC_WARN_UNUSED_FUNCTION = YES;
				GCC_WARN_UNUSED_VARIABLE = YES;
				IPHONEOS_DEPLOYMENT_TARGET = 16.0;
				MTL_ENABLE_DEBUG_INFO = INCLUDE_SOURCE;
				MTL_FAST_MATH = YES;
				ONLY_ACTIVE_ARCH = YES;
				SDKROOT = iphoneos;
				SWIFT_ACTIVE_COMPILATION_CONDITIONS = DEBUG;
				SWIFT_OPTIMIZATION_LEVEL = "-Onone";
			};
			name = Debug;
		};
		88245FF828FEB96600C62166 /* Release */ = {
			isa = XCBuildConfiguration;
			buildSettings = {
				ALWAYS_SEARCH_USER_PATHS = NO;
				CLANG_ANALYZER_NONNULL = YES;
				CLANG_ANALYZER_NUMBER_OBJECT_CONVERSION = YES_AGGRESSIVE;
				CLANG_CXX_LANGUAGE_STANDARD = "gnu++20";
				CLANG_ENABLE_MODULES = YES;
				CLANG_ENABLE_OBJC_ARC = YES;
				CLANG_ENABLE_OBJC_WEAK = YES;
				CLANG_WARN_BLOCK_CAPTURE_AUTORELEASING = YES;
				CLANG_WARN_BOOL_CONVERSION = YES;
				CLANG_WARN_COMMA = YES;
				CLANG_WARN_CONSTANT_CONVERSION = YES;
				CLANG_WARN_DEPRECATED_OBJC_IMPLEMENTATIONS = YES;
				CLANG_WARN_DIRECT_OBJC_ISA_USAGE = YES_ERROR;
				CLANG_WARN_DOCUMENTATION_COMMENTS = YES;
				CLANG_WARN_EMPTY_BODY = YES;
				CLANG_WARN_ENUM_CONVERSION = YES;
				CLANG_WARN_INFINITE_RECURSION = YES;
				CLANG_WARN_INT_CONVERSION = YES;
				CLANG_WARN_NON_LITERAL_NULL_CONVERSION = YES;
				CLANG_WARN_OBJC_IMPLICIT_RETAIN_SELF = YES;
				CLANG_WARN_OBJC_LITERAL_CONVERSION = YES;
				CLANG_WARN_OBJC_ROOT_CLASS = YES_ERROR;
				CLANG_WARN_QUOTED_INCLUDE_IN_FRAMEWORK_HEADER = YES;
				CLANG_WARN_RANGE_LOOP_ANALYSIS = YES;
				CLANG_WARN_STRICT_PROTOTYPES = YES;
				CLANG_WARN_SUSPICIOUS_MOVE = YES;
				CLANG_WARN_UNGUARDED_AVAILABILITY = YES_AGGRESSIVE;
				CLANG_WARN_UNREACHABLE_CODE = YES;
				CLANG_WARN__DUPLICATE_METHOD_MATCH = YES;
				COPY_PHASE_STRIP = NO;
				DEBUG_INFORMATION_FORMAT = "dwarf-with-dsym";
				ENABLE_NS_ASSERTIONS = NO;
				ENABLE_STRICT_OBJC_MSGSEND = YES;
				GCC_C_LANGUAGE_STANDARD = gnu11;
				GCC_NO_COMMON_BLOCKS = YES;
				GCC_WARN_64_TO_32_BIT_CONVERSION = YES;
				GCC_WARN_ABOUT_RETURN_TYPE = YES_ERROR;
				GCC_WARN_UNDECLARED_SELECTOR = YES;
				GCC_WARN_UNINITIALIZED_AUTOS = YES_AGGRESSIVE;
				GCC_WARN_UNUSED_FUNCTION = YES;
				GCC_WARN_UNUSED_VARIABLE = YES;
				IPHONEOS_DEPLOYMENT_TARGET = 16.0;
				MTL_ENABLE_DEBUG_INFO = NO;
				MTL_FAST_MATH = YES;
				SDKROOT = iphoneos;
				SWIFT_COMPILATION_MODE = wholemodule;
				SWIFT_OPTIMIZATION_LEVEL = "-O";
				VALIDATE_PRODUCT = YES;
			};
			name = Release;
		};
		88245FFA28FEB96600C62166 /* Debug */ = {
			isa = XCBuildConfiguration;
			buildSettings = {
				ASSETCATALOG_COMPILER_APPICON_NAME = AppIcon;
				ASSETCATALOG_COMPILER_GLOBAL_ACCENT_COLOR_NAME = AccentColor;
				CODE_SIGN_STYLE = Automatic;
				CURRENT_PROJECT_VERSION = 1;
				DEVELOPMENT_TEAM = C89RJ7Z5HJ;
				GENERATE_INFOPLIST_FILE = YES;
				INFOPLIST_FILE = AbstractFactory/Info.plist;
				INFOPLIST_KEY_UIApplicationSupportsIndirectInputEvents = YES;
				INFOPLIST_KEY_UILaunchStoryboardName = LaunchScreen;
				INFOPLIST_KEY_UIMainStoryboardFile = Main;
				INFOPLIST_KEY_UISupportedInterfaceOrientations_iPad = "UIInterfaceOrientationPortrait UIInterfaceOrientationPortraitUpsideDown UIInterfaceOrientationLandscapeLeft UIInterfaceOrientationLandscapeRight";
				INFOPLIST_KEY_UISupportedInterfaceOrientations_iPhone = "UIInterfaceOrientationPortrait UIInterfaceOrientationLandscapeLeft UIInterfaceOrientationLandscapeRight";
				LD_RUNPATH_SEARCH_PATHS = (
					"$(inherited)",
					"@executable_path/Frameworks",
				);
				MARKETING_VERSION = 1.0;
				PRODUCT_BUNDLE_IDENTIFIER = com.iosnichek.AbstractFactory;
				PRODUCT_NAME = "$(TARGET_NAME)";
				SWIFT_EMIT_LOC_STRINGS = YES;
				SWIFT_VERSION = 5.0;
				TARGETED_DEVICE_FAMILY = "1,2";
			};
			name = Debug;
		};
		88245FFB28FEB96600C62166 /* Release */ = {
			isa = XCBuildConfiguration;
			buildSettings = {
				ASSETCATALOG_COMPILER_APPICON_NAME = AppIcon;
				ASSETCATALOG_COMPILER_GLOBAL_ACCENT_COLOR_NAME = AccentColor;
				CODE_SIGN_STYLE = Automatic;
				CURRENT_PROJECT_VERSION = 1;
				DEVELOPMENT_TEAM = C89RJ7Z5HJ;
				GENERATE_INFOPLIST_FILE = YES;
				INFOPLIST_FILE = AbstractFactory/Info.plist;
				INFOPLIST_KEY_UIApplicationSupportsIndirectInputEvents = YES;
				INFOPLIST_KEY_UILaunchStoryboardName = LaunchScreen;
				INFOPLIST_KEY_UIMainStoryboardFile = Main;
				INFOPLIST_KEY_UISupportedInterfaceOrientations_iPad = "UIInterfaceOrientationPortrait UIInterfaceOrientationPortraitUpsideDown UIInterfaceOrientationLandscapeLeft UIInterfaceOrientationLandscapeRight";
				INFOPLIST_KEY_UISupportedInterfaceOrientations_iPhone = "UIInterfaceOrientationPortrait UIInterfaceOrientationLandscapeLeft UIInterfaceOrientationLandscapeRight";
				LD_RUNPATH_SEARCH_PATHS = (
					"$(inherited)",
					"@executable_path/Frameworks",
				);
				MARKETING_VERSION = 1.0;
				PRODUCT_BUNDLE_IDENTIFIER = com.iosnichek.AbstractFactory;
				PRODUCT_NAME = "$(TARGET_NAME)";
				SWIFT_EMIT_LOC_STRINGS = YES;
				SWIFT_VERSION = 5.0;
				TARGETED_DEVICE_FAMILY = "1,2";
			};
			name = Release;
		};
/* End XCBuildConfiguration section */

/* Begin XCConfigurationList section */
		88245FE028FEB96500C62166 /* Build configuration list for PBXProject "AbstractFactory" */ = {
			isa = XCConfigurationList;
			buildConfigurations = (
				88245FF728FEB96600C62166 /* Debug */,
				88245FF828FEB96600C62166 /* Release */,
			);
			defaultConfigurationIsVisible = 0;
			defaultConfigurationName = Release;
		};
		88245FF928FEB96600C62166 /* Build configuration list for PBXNativeTarget "AbstractFactory" */ = {
			isa = XCConfigurationList;
			buildConfigurations = (
				88245FFA28FEB96600C62166 /* Debug */,
				88245FFB28FEB96600C62166 /* Release */,
			);
			defaultConfigurationIsVisible = 0;
			defaultConfigurationName = Release;
		};
/* End XCConfigurationList section */
	};
	rootObject = 88245FDD28FEB96500C62166 /* Project object */;
}
